// !$*UTF8*$!
{
	archiveVersion = 1;
	classes = {
	};
	objectVersion = 50;
	objects = {

/* Begin PBXBuildFile section */
		A31DCF242132977700C948A3 /* ViewControllerCK.swift in Sources */ = {isa = PBXBuildFile; fileRef = A31DCF232132977700C948A3 /* ViewControllerCK.swift */; };
		A3224BAE21140D7300A4E55D /* CollectionKit.framework in Frameworks */ = {isa = PBXBuildFile; fileRef = A3224BAD21140D7300A4E55D /* CollectionKit.framework */; };
		A342F5D721118E220035EC3C /* AppDelegate.swift in Sources */ = {isa = PBXBuildFile; fileRef = A342F5D621118E220035EC3C /* AppDelegate.swift */; };
		A342F5D921118E220035EC3C /* ViewController.swift in Sources */ = {isa = PBXBuildFile; fileRef = A342F5D821118E220035EC3C /* ViewController.swift */; };
		A342F5DC21118E220035EC3C /* Main.storyboard in Resources */ = {isa = PBXBuildFile; fileRef = A342F5DA21118E220035EC3C /* Main.storyboard */; };
		A342F5DE21118E230035EC3C /* Assets.xcassets in Resources */ = {isa = PBXBuildFile; fileRef = A342F5DD21118E230035EC3C /* Assets.xcassets */; };
		A342F5E121118E230035EC3C /* LaunchScreen.storyboard in Resources */ = {isa = PBXBuildFile; fileRef = A342F5DF21118E230035EC3C /* LaunchScreen.storyboard */; };
		A35D31FB211AA73D00A07A4A /* StorySectionProvider.swift in Sources */ = {isa = PBXBuildFile; fileRef = A35D31FA211AA73D00A07A4A /* StorySectionProvider.swift */; };
		A35D31FD211AA75100A07A4A /* PostItemCell.swift in Sources */ = {isa = PBXBuildFile; fileRef = A35D31FC211AA75100A07A4A /* PostItemCell.swift */; };
		A35D31FF211AA76500A07A4A /* AnnouncementSectionProvider.swift in Sources */ = {isa = PBXBuildFile; fileRef = A35D31FE211AA76500A07A4A /* AnnouncementSectionProvider.swift */; };
		A35D3201211AA79900A07A4A /* TestData.swift in Sources */ = {isa = PBXBuildFile; fileRef = A35D3200211AA79900A07A4A /* TestData.swift */; };
		A36561CD212448D5008332CE /* Post.swift in Sources */ = {isa = PBXBuildFile; fileRef = A36561CC212448D5008332CE /* Post.swift */; };
		A36561CF21244902008332CE /* Story.swift in Sources */ = {isa = PBXBuildFile; fileRef = A36561CE21244902008332CE /* Story.swift */; };
		A36561D12124490F008332CE /* StoryItemCell.swift in Sources */ = {isa = PBXBuildFile; fileRef = A36561D02124490F008332CE /* StoryItemCell.swift */; };
/* End PBXBuildFile section */

/* Begin PBXFileReference section */
		A31DCF232132977700C948A3 /* ViewControllerCK.swift */ = {isa = PBXFileReference; lastKnownFileType = sourcecode.swift; path = ViewControllerCK.swift; sourceTree = "<group>"; };
		A3224BAD21140D7300A4E55D /* CollectionKit.framework */ = {isa = PBXFileReference; lastKnownFileType = wrapper.framework; name = CollectionKit.framework; path = Carthage/Build/iOS/CollectionKit.framework; sourceTree = "<group>"; };
		A342F5D321118E220035EC3C /* Weibo.app */ = {isa = PBXFileReference; explicitFileType = wrapper.application; includeInIndex = 0; path = Weibo.app; sourceTree = BUILT_PRODUCTS_DIR; };
		A342F5D621118E220035EC3C /* AppDelegate.swift */ = {isa = PBXFileReference; lastKnownFileType = sourcecode.swift; path = AppDelegate.swift; sourceTree = "<group>"; };
		A342F5D821118E220035EC3C /* ViewController.swift */ = {isa = PBXFileReference; lastKnownFileType = sourcecode.swift; path = ViewController.swift; sourceTree = "<group>"; };
		A342F5DB21118E220035EC3C /* Base */ = {isa = PBXFileReference; lastKnownFileType = file.storyboard; name = Base; path = Base.lproj/Main.storyboard; sourceTree = "<group>"; };
		A342F5DD21118E230035EC3C /* Assets.xcassets */ = {isa = PBXFileReference; lastKnownFileType = folder.assetcatalog; path = Assets.xcassets; sourceTree = "<group>"; };
		A342F5E021118E230035EC3C /* Base */ = {isa = PBXFileReference; lastKnownFileType = file.storyboard; name = Base; path = Base.lproj/LaunchScreen.storyboard; sourceTree = "<group>"; };
		A342F5E221118E230035EC3C /* Info.plist */ = {isa = PBXFileReference; lastKnownFileType = text.plist.xml; path = Info.plist; sourceTree = "<group>"; };
		A35D31FA211AA73D00A07A4A /* StorySectionProvider.swift */ = {isa = PBXFileReference; lastKnownFileType = sourcecode.swift; path = StorySectionProvider.swift; sourceTree = "<group>"; };
		A35D31FC211AA75100A07A4A /* PostItemCell.swift */ = {isa = PBXFileReference; lastKnownFileType = sourcecode.swift; path = PostItemCell.swift; sourceTree = "<group>"; };
		A35D31FE211AA76500A07A4A /* AnnouncementSectionProvider.swift */ = {isa = PBXFileReference; lastKnownFileType = sourcecode.swift; path = AnnouncementSectionProvider.swift; sourceTree = "<group>"; };
		A35D3200211AA79900A07A4A /* TestData.swift */ = {isa = PBXFileReference; lastKnownFileType = sourcecode.swift; path = TestData.swift; sourceTree = "<group>"; };
		A36561CC212448D5008332CE /* Post.swift */ = {isa = PBXFileReference; lastKnownFileType = sourcecode.swift; path = Post.swift; sourceTree = "<group>"; };
		A36561CE21244902008332CE /* Story.swift */ = {isa = PBXFileReference; lastKnownFileType = sourcecode.swift; path = Story.swift; sourceTree = "<group>"; };
		A36561D02124490F008332CE /* StoryItemCell.swift */ = {isa = PBXFileReference; lastKnownFileType = sourcecode.swift; path = StoryItemCell.swift; sourceTree = "<group>"; };
/* End PBXFileReference section */

/* Begin PBXFrameworksBuildPhase section */
		A342F5D021118E220035EC3C /* Frameworks */ = {
			isa = PBXFrameworksBuildPhase;
			buildActionMask = 2147483647;
			files = (
				A3224BAE21140D7300A4E55D /* CollectionKit.framework in Frameworks */,
			);
			runOnlyForDeploymentPostprocessing = 0;
		};
/* End PBXFrameworksBuildPhase section */

/* Begin PBXGroup section */
		A3224BAC21140D7300A4E55D /* Frameworks */ = {
			isa = PBXGroup;
			children = (
				A3224BAD21140D7300A4E55D /* CollectionKit.framework */,
			);
			name = Frameworks;
			sourceTree = "<group>";
		};
		A342F5CA21118E220035EC3C = {
			isa = PBXGroup;
			children = (
				A342F5D521118E220035EC3C /* Weibo */,
				A342F5D421118E220035EC3C /* Products */,
				A3224BAC21140D7300A4E55D /* Frameworks */,
			);
			indentWidth = 2;
			sourceTree = "<group>";
			tabWidth = 2;
		};
		A342F5D421118E220035EC3C /* Products */ = {
			isa = PBXGroup;
			children = (
				A342F5D321118E220035EC3C /* Weibo.app */,
			);
			name = Products;
			sourceTree = "<group>";
		};
		A342F5D521118E220035EC3C /* Weibo */ = {
			isa = PBXGroup;
			children = (
				A342F5D821118E220035EC3C /* ViewController.swift */,
				A31DCF232132977700C948A3 /* ViewControllerCK.swift */,
				A36561D42124496B008332CE /* SectionProvider */,
				A36561D22124495A008332CE /* Model */,
				A36561D321244961008332CE /* Cell */,
				A36561D521244978008332CE /* Supporting Files */,
			);
			path = Weibo;
			sourceTree = "<group>";
		};
		A36561D22124495A008332CE /* Model */ = {
			isa = PBXGroup;
			children = (
				A35D3200211AA79900A07A4A /* TestData.swift */,
				A36561CC212448D5008332CE /* Post.swift */,
				A36561CE21244902008332CE /* Story.swift */,
			);
			path = Model;
			sourceTree = "<group>";
		};
		A36561D321244961008332CE /* Cell */ = {
			isa = PBXGroup;
			children = (
				A35D31FC211AA75100A07A4A /* PostItemCell.swift */,
				A36561D02124490F008332CE /* StoryItemCell.swift */,
			);
			path = Cell;
			sourceTree = "<group>";
		};
		A36561D42124496B008332CE /* SectionProvider */ = {
			isa = PBXGroup;
			children = (
				A35D31FE211AA76500A07A4A /* AnnouncementSectionProvider.swift */,
				A35D31FA211AA73D00A07A4A /* StorySectionProvider.swift */,
			);
			path = SectionProvider;
			sourceTree = "<group>";
		};
		A36561D521244978008332CE /* Supporting Files */ = {
			isa = PBXGroup;
			children = (
				A342F5D621118E220035EC3C /* AppDelegate.swift */,
				A342F5DA21118E220035EC3C /* Main.storyboard */,
				A342F5DD21118E230035EC3C /* Assets.xcassets */,
				A342F5DF21118E230035EC3C /* LaunchScreen.storyboard */,
				A342F5E221118E230035EC3C /* Info.plist */,
			);
			path = "Supporting Files";
			sourceTree = "<group>";
		};
/* End PBXGroup section */

/* Begin PBXNativeTarget section */
		A342F5D221118E220035EC3C /* Weibo */ = {
			isa = PBXNativeTarget;
			buildConfigurationList = A342F5E521118E230035EC3C /* Build configuration list for PBXNativeTarget "Weibo" */;
			buildPhases = (
				A342F5CF21118E220035EC3C /* Sources */,
				A342F5D021118E220035EC3C /* Frameworks */,
				A342F5D121118E220035EC3C /* Resources */,
				A3224BAF21140D8100A4E55D /* ShellScript */,
			);
			buildRules = (
			);
			dependencies = (
			);
			name = Weibo;
			productName = CollectionKitWorkshop;
			productReference = A342F5D321118E220035EC3C /* Weibo.app */;
			productType = "com.apple.product-type.application";
		};
/* End PBXNativeTarget section */

/* Begin PBXProject section */
		A342F5CB21118E220035EC3C /* Project object */ = {
			isa = PBXProject;
			attributes = {
				LastSwiftUpdateCheck = 1000;
				LastUpgradeCheck = 1000;
				ORGANIZATIONNAME = "Luke Zhao";
				TargetAttributes = {
					A342F5D221118E220035EC3C = {
						CreatedOnToolsVersion = 10.0;
					};
				};
			};
			buildConfigurationList = A342F5CE21118E220035EC3C /* Build configuration list for PBXProject "Weibo" */;
			compatibilityVersion = "Xcode 9.3";
			developmentRegion = en;
			hasScannedForEncodings = 0;
			knownRegions = (
				en,
				Base,
			);
			mainGroup = A342F5CA21118E220035EC3C;
			productRefGroup = A342F5D421118E220035EC3C /* Products */;
			projectDirPath = "";
			projectRoot = "";
			targets = (
				A342F5D221118E220035EC3C /* Weibo */,
			);
		};
/* End PBXProject section */

/* Begin PBXResourcesBuildPhase section */
		A342F5D121118E220035EC3C /* Resources */ = {
			isa = PBXResourcesBuildPhase;
			buildActionMask = 2147483647;
			files = (
				A342F5E121118E230035EC3C /* LaunchScreen.storyboard in Resources */,
				A342F5DE21118E230035EC3C /* Assets.xcassets in Resources */,
				A342F5DC21118E220035EC3C /* Main.storyboard in Resources */,
			);
			runOnlyForDeploymentPostprocessing = 0;
		};
/* End PBXResourcesBuildPhase section */

/* Begin PBXShellScriptBuildPhase section */
		A3224BAF21140D8100A4E55D /* ShellScript */ = {
			isa = PBXShellScriptBuildPhase;
			buildActionMask = 2147483647;
			files = (
			);
			inputPaths = (
				"$(SRCROOT)/Carthage/Build/iOS/CollectionKit.framework",
			);
			outputPaths = (
				"$(BUILT_PRODUCTS_DIR)/$(FRAMEWORKS_FOLDER_PATH)/CollectionKit.framework",
			);
			runOnlyForDeploymentPostprocessing = 0;
			shellPath = /bin/sh;
			shellScript = "/usr/local/bin/carthage copy-frameworks";
		};
/* End PBXShellScriptBuildPhase section */

/* Begin PBXSourcesBuildPhase section */
		A342F5CF21118E220035EC3C /* Sources */ = {
			isa = PBXSourcesBuildPhase;
			buildActionMask = 2147483647;
			files = (
				A35D31FB211AA73D00A07A4A /* StorySectionProvider.swift in Sources */,
				A342F5D921118E220035EC3C /* ViewController.swift in Sources */,
				A342F5D721118E220035EC3C /* AppDelegate.swift in Sources */,
				A35D3201211AA79900A07A4A /* TestData.swift in Sources */,
				A31DCF242132977700C948A3 /* ViewControllerCK.swift in Sources */,
				A35D31FF211AA76500A07A4A /* AnnouncementSectionProvider.swift in Sources */,
				A36561CD212448D5008332CE /* Post.swift in Sources */,
				A36561D12124490F008332CE /* StoryItemCell.swift in Sources */,
				A35D31FD211AA75100A07A4A /* PostItemCell.swift in Sources */,
				A36561CF21244902008332CE /* Story.swift in Sources */,
			);
			runOnlyForDeploymentPostprocessing = 0;
		};
/* End PBXSourcesBuildPhase section */

/* Begin PBXVariantGroup section */
		A342F5DA21118E220035EC3C /* Main.storyboard */ = {
			isa = PBXVariantGroup;
			children = (
				A342F5DB21118E220035EC3C /* Base */,
			);
			name = Main.storyboard;
			sourceTree = "<group>";
		};
		A342F5DF21118E230035EC3C /* LaunchScreen.storyboard */ = {
			isa = PBXVariantGroup;
			children = (
				A342F5E021118E230035EC3C /* Base */,
			);
			name = LaunchScreen.storyboard;
			sourceTree = "<group>";
		};
/* End PBXVariantGroup section */

/* Begin XCBuildConfiguration section */
		A342F5E321118E230035EC3C /* Debug */ = {
			isa = XCBuildConfiguration;
			buildSettings = {
				ALWAYS_SEARCH_USER_PATHS = NO;
				CLANG_ANALYZER_NONNULL = YES;
				CLANG_ANALYZER_NUMBER_OBJECT_CONVERSION = YES_AGGRESSIVE;
				CLANG_CXX_LANGUAGE_STANDARD = "gnu++14";
				CLANG_CXX_LIBRARY = "libc++";
				CLANG_ENABLE_MODULES = YES;
				CLANG_ENABLE_OBJC_ARC = YES;
				CLANG_ENABLE_OBJC_WEAK = YES;
				CLANG_WARN_BLOCK_CAPTURE_AUTORELEASING = YES;
				CLANG_WARN_BOOL_CONVERSION = YES;
				CLANG_WARN_COMMA = YES;
				CLANG_WARN_CONSTANT_CONVERSION = YES;
				CLANG_WARN_DEPRECATED_OBJC_IMPLEMENTATIONS = YES;
				CLANG_WARN_DIRECT_OBJC_ISA_USAGE = YES_ERROR;
				CLANG_WARN_DOCUMENTATION_COMMENTS = YES;
				CLANG_WARN_EMPTY_BODY = YES;
				CLANG_WARN_ENUM_CONVERSION = YES;
				CLANG_WARN_INFINITE_RECURSION = YES;
				CLANG_WARN_INT_CONVERSION = YES;
				CLANG_WARN_NON_LITERAL_NULL_CONVERSION = YES;
				CLANG_WARN_OBJC_IMPLICIT_RETAIN_SELF = YES;
				CLANG_WARN_OBJC_LITERAL_CONVERSION = YES;
				CLANG_WARN_OBJC_ROOT_CLASS = YES_ERROR;
				CLANG_WARN_RANGE_LOOP_ANALYSIS = YES;
				CLANG_WARN_STRICT_PROTOTYPES = YES;
				CLANG_WARN_SUSPICIOUS_MOVE = YES;
				CLANG_WARN_UNGUARDED_AVAILABILITY = YES_AGGRESSIVE;
				CLANG_WARN_UNREACHABLE_CODE = YES;
				CLANG_WARN__DUPLICATE_METHOD_MATCH = YES;
				CODE_SIGN_IDENTITY = "iPhone Developer";
				COPY_PHASE_STRIP = NO;
				DEBUG_INFORMATION_FORMAT = dwarf;
				ENABLE_STRICT_OBJC_MSGSEND = YES;
				ENABLE_TESTABILITY = YES;
				GCC_C_LANGUAGE_STANDARD = gnu11;
				GCC_DYNAMIC_NO_PIC = NO;
				GCC_NO_COMMON_BLOCKS = YES;
				GCC_OPTIMIZATION_LEVEL = 0;
				GCC_PREPROCESSOR_DEFINITIONS = (
					"DEBUG=1",
					"$(inherited)",
				);
				GCC_WARN_64_TO_32_BIT_CONVERSION = YES;
				GCC_WARN_ABOUT_RETURN_TYPE = YES_ERROR;
				GCC_WARN_UNDECLARED_SELECTOR = YES;
				GCC_WARN_UNINITIALIZED_AUTOS = YES_AGGRESSIVE;
				GCC_WARN_UNUSED_FUNCTION = YES;
				GCC_WARN_UNUSED_VARIABLE = YES;
				IPHONEOS_DEPLOYMENT_TARGET = 11;
				MTL_ENABLE_DEBUG_INFO = INCLUDE_SOURCE;
				MTL_FAST_MATH = YES;
				ONLY_ACTIVE_ARCH = YES;
				SDKROOT = iphoneos;
				SWIFT_ACTIVE_COMPILATION_CONDITIONS = DEBUG;
				SWIFT_OPTIMIZATION_LEVEL = "-Onone";
			};
			name = Debug;
		};
		A342F5E421118E230035EC3C /* Release */ = {
			isa = XCBuildConfiguration;
			buildSettings = {
				ALWAYS_SEARCH_USER_PATHS = NO;
				CLANG_ANALYZER_NONNULL = YES;
				CLANG_ANALYZER_NUMBER_OBJECT_CONVERSION = YES_AGGRESSIVE;
				CLANG_CXX_LANGUAGE_STANDARD = "gnu++14";
				CLANG_CXX_LIBRARY = "libc++";
				CLANG_ENABLE_MODULES = YES;
				CLANG_ENABLE_OBJC_ARC = YES;
				CLANG_ENABLE_OBJC_WEAK = YES;
				CLANG_WARN_BLOCK_CAPTURE_AUTORELEASING = YES;
				CLANG_WARN_BOOL_CONVERSION = YES;
				CLANG_WARN_COMMA = YES;
				CLANG_WARN_CONSTANT_CONVERSION = YES;
				CLANG_WARN_DEPRECATED_OBJC_IMPLEMENTATIONS = YES;
				CLANG_WARN_DIRECT_OBJC_ISA_USAGE = YES_ERROR;
				CLANG_WARN_DOCUMENTATION_COMMENTS = YES;
				CLANG_WARN_EMPTY_BODY = YES;
				CLANG_WARN_ENUM_CONVERSION = YES;
				CLANG_WARN_INFINITE_RECURSION = YES;
				CLANG_WARN_INT_CONVERSION = YES;
				CLANG_WARN_NON_LITERAL_NULL_CONVERSION = YES;
				CLANG_WARN_OBJC_IMPLICIT_RETAIN_SELF = YES;
				CLANG_WARN_OBJC_LITERAL_CONVERSION = YES;
				CLANG_WARN_OBJC_ROOT_CLASS = YES_ERROR;
				CLANG_WARN_RANGE_LOOP_ANALYSIS = YES;
				CLANG_WARN_STRICT_PROTOTYPES = YES;
				CLANG_WARN_SUSPICIOUS_MOVE = YES;
				CLANG_WARN_UNGUARDED_AVAILABILITY = YES_AGGRESSIVE;
				CLANG_WARN_UNREACHABLE_CODE = YES;
				CLANG_WARN__DUPLICATE_METHOD_MATCH = YES;
				CODE_SIGN_IDENTITY = "iPhone Developer";
				COPY_PHASE_STRIP = NO;
				DEBUG_INFORMATION_FORMAT = "dwarf-with-dsym";
				ENABLE_NS_ASSERTIONS = NO;
				ENABLE_STRICT_OBJC_MSGSEND = YES;
				GCC_C_LANGUAGE_STANDARD = gnu11;
				GCC_NO_COMMON_BLOCKS = YES;
				GCC_WARN_64_TO_32_BIT_CONVERSION = YES;
				GCC_WARN_ABOUT_RETURN_TYPE = YES_ERROR;
				GCC_WARN_UNDECLARED_SELECTOR = YES;
				GCC_WARN_UNINITIALIZED_AUTOS = YES_AGGRESSIVE;
				GCC_WARN_UNUSED_FUNCTION = YES;
				GCC_WARN_UNUSED_VARIABLE = YES;
				IPHONEOS_DEPLOYMENT_TARGET = 11;
				MTL_ENABLE_DEBUG_INFO = NO;
				MTL_FAST_MATH = YES;
				SDKROOT = iphoneos;
				SWIFT_COMPILATION_MODE = wholemodule;
				SWIFT_OPTIMIZATION_LEVEL = "-O";
				VALIDATE_PRODUCT = YES;
			};
			name = Release;
		};
		A342F5E621118E230035EC3C /* Debug */ = {
			isa = XCBuildConfiguration;
			buildSettings = {
				ASSETCATALOG_COMPILER_APPICON_NAME = AppIcon;
				CODE_SIGN_STYLE = Automatic;
				DEVELOPMENT_TEAM = 4VSEW78TKT;
				FRAMEWORK_SEARCH_PATHS = (
					"$(inherited)",
					"$(PROJECT_DIR)/Carthage/Build/iOS",
				);
				INFOPLIST_FILE = "$(SRCROOT)/Weibo/Supporting Files/Info.plist";
				LD_RUNPATH_SEARCH_PATHS = (
					"$(inherited)",
					"@executable_path/Frameworks",
				);
				PRODUCT_BUNDLE_IDENTIFIER = com.lkzhao.Weibo;
				PRODUCT_NAME = "$(TARGET_NAME)";
				SWIFT_VERSION = 4.2;
				TARGETED_DEVICE_FAMILY = "1,2";
			};
			name = Debug;
		};
		A342F5E721118E230035EC3C /* Release */ = {
			isa = XCBuildConfiguration;
			buildSettings = {
				ASSETCATALOG_COMPILER_APPICON_NAME = AppIcon;
				CODE_SIGN_STYLE = Automatic;
				DEVELOPMENT_TEAM = 4VSEW78TKT;
				FRAMEWORK_SEARCH_PATHS = (
					"$(inherited)",
					"$(PROJECT_DIR)/Carthage/Build/iOS",
				);
				INFOPLIST_FILE = "$(SRCROOT)/Weibo/Supporting Files/Info.plist";
				LD_RUNPATH_SEARCH_PATHS = (
					"$(inherited)",
					"@executable_path/Frameworks",
				);
				PRODUCT_BUNDLE_IDENTIFIER = com.lkzhao.Weibo;
				PRODUCT_NAME = "$(TARGET_NAME)";
				SWIFT_VERSION = 4.2;
				TARGETED_DEVICE_FAMILY = "1,2";
			};
			name = Release;
		};
/* End XCBuildConfiguration section */

/* Begin XCConfigurationList section */
		A342F5CE21118E220035EC3C /* Build configuration list for PBXProject "Weibo" */ = {
			isa = XCConfigurationList;
			buildConfigurations = (
				A342F5E321118E230035EC3C /* Debug */,
				A342F5E421118E230035EC3C /* Release */,
			);
			defaultConfigurationIsVisible = 0;
			defaultConfigurationName = Release;
		};
		A342F5E521118E230035EC3C /* Build configuration list for PBXNativeTarget "Weibo" */ = {
			isa = XCConfigurationList;
			buildConfigurations = (
				A342F5E621118E230035EC3C /* Debug */,
				A342F5E721118E230035EC3C /* Release */,
			);
			defaultConfigurationIsVisible = 0;
			defaultConfigurationName = Release;
		};
/* End XCConfigurationList section */
	};
	rootObject = A342F5CB21118E220035EC3C /* Project object */;
}
